
Microsoft Visual Studio Solution File, Format Version 12.00
# Visual Studio Version 17
VisualStudioVersion = 17.9.34723.18
MinimumVisualStudioVersion = 10.0.40219.1
Project("{9A19103F-16F7-4668-BE54-9A1E7A4F7556}") = "ConsoleApp1", "ConsoleApp1\ConsoleApp1.csproj", "{EE7D6D5A-E425-41E0-80FE-4219F635BD00}"
EndProject
Project("{FAE04EC0-301F-11D3-BF4B-00C04F79EFBC}") = "TestProject1", "TestProject1\TestProject1.csproj", "{DFFEC57C-F82F-49B9-8A90-5DAE4A358DB0}"
EndProject
Global
	GlobalSection(SolutionConfigurationPlatforms) = preSolution
		Debug|Any CPU = Debug|Any CPU
		Release|Any CPU = Release|Any CPU
	EndGlobalSection
	GlobalSection(ProjectConfigurationPlatforms) = postSolution
		{EE7D6D5A-E425-41E0-80FE-4219F635BD00}.Debug|Any CPU.ActiveCfg = Debug|Any CPU
		{EE7D6D5A-E425-41E0-80FE-4219F635BD00}.Debug|Any CPU.Build.0 = Debug|Any CPU
		{EE7D6D5A-E425-41E0-80FE-4219F635BD00}.Release|Any CPU.ActiveCfg = Release|Any CPU
		{EE7D6D5A-E425-41E0-80FE-4219F635BD00}.Release|Any CPU.Build.0 = Release|Any CPU
		{DFFEC57C-F82F-49B9-8A90-5DAE4A358DB0}.Debug|Any CPU.ActiveCfg = Debug|Any CPU
		{DFFEC57C-F82F-49B9-8A90-5DAE4A358DB0}.Debug|Any CPU.Build.0 = Debug|Any CPU
		{DFFEC57C-F82F-49B9-8A90-5DAE4A358DB0}.Release|Any CPU.ActiveCfg = Release|Any CPU
		{DFFEC57C-F82F-49B9-8A90-5DAE4A358DB0}.Release|Any CPU.Build.0 = Release|Any CPU
	EndGlobalSection
	GlobalSection(SolutionProperties) = preSolution
		HideSolutionNode = FALSE
	EndGlobalSection
	GlobalSection(ExtensibilityGlobals) = postSolution
		SolutionGuid = {D6326E8D-667B-485A-93F8-19E515DB56CA}
	EndGlobalSection
EndGlobal
